
Microsoft Visual Studio Solution File, Format Version 12.00
# Visual Studio 15
VisualStudioVersion = 15.0.27428.2037
MinimumVisualStudioVersion = 10.0.40219.1
Project("{FAE04EC0-301F-11D3-BF4B-00C04F79EFBC}") = "Email_Management", "Email_Management\Email_Management.csproj", "{EABEB5AE-19CB-427F-99E6-966FAC5FBB79}"
EndProject
Global
	GlobalSection(SolutionConfigurationPlatforms) = preSolution
		Debug|Any CPU = Debug|Any CPU
		Release|Any CPU = Release|Any CPU
	EndGlobalSection
	GlobalSection(ProjectConfigurationPlatforms) = postSolution
		{EABEB5AE-19CB-427F-99E6-966FAC5FBB79}.Debug|Any CPU.ActiveCfg = Debug|Any CPU
		{EABEB5AE-19CB-427F-99E6-966FAC5FBB79}.Debug|Any CPU.Build.0 = Debug|Any CPU
		{EABEB5AE-19CB-427F-99E6-966FAC5FBB79}.Release|Any CPU.ActiveCfg = Release|Any CPU
		{EABEB5AE-19CB-427F-99E6-966FAC5FBB79}.Release|Any CPU.Build.0 = Release|Any CPU
	EndGlobalSection
	GlobalSection(SolutionProperties) = preSolution
		HideSolutionNode = FALSE
	EndGlobalSection
	GlobalSection(ExtensibilityGlobals) = postSolution
		SolutionGuid = {73291190-0410-482E-BA37-0DCC3B4E0390}
	EndGlobalSection
EndGlobal
